Microsoft Visual Studio Solution File, Format Version 12.00
# Visual Studio Version 17
VisualStudioVersion = 17.5.2.0
MinimumVisualStudioVersion = 10.0.40219.1
Project("{FAE04EC0-301F-11D3-BF4B-00C04F79EFBC}") = "MaterialControlCenter", "MaterialControlCenter.csproj", "{847E688F-F258-CFEA-857F-1B0847402960}"
EndProject
Global
	GlobalSection(SolutionConfigurationPlatforms) = preSolution
		Debug|Any CPU = Debug|Any CPU
		Release|Any CPU = Release|Any CPU
	EndGlobalSection
	GlobalSection(ProjectConfigurationPlatforms) = postSolution
		{847E688F-F258-CFEA-857F-1B0847402960}.Debug|Any CPU.ActiveCfg = Debug|Any CPU
		{847E688F-F258-CFEA-857F-1B0847402960}.Debug|Any CPU.Build.0 = Debug|Any CPU
		{847E688F-F258-CFEA-857F-1B0847402960}.Release|Any CPU.ActiveCfg = Release|Any CPU
		{847E688F-F258-CFEA-857F-1B0847402960}.Release|Any CPU.Build.0 = Release|Any CPU
	EndGlobalSection
	GlobalSection(SolutionProperties) = preSolution
		HideSolutionNode = FALSE
	EndGlobalSection
	GlobalSection(ExtensibilityGlobals) = postSolution
		SolutionGuid = {12E003BB-3574-41CD-B37F-52562C358207}
	EndGlobalSection
EndGlobal
